Microsoft Visual Studio Solution File, Format Version 12.00
# Visual Studio Version 17
VisualStudioVersion = 17.5.2.0
MinimumVisualStudioVersion = 10.0.40219.1
Project("{FAE04EC0-301F-11D3-BF4B-00C04F79EFBC}") = "Oop-3-3", "Oop-3-3.csproj", "{26FFB12C-3F9C-F231-2F8B-8D046CA560FD}"
EndProject
Global
	GlobalSection(SolutionConfigurationPlatforms) = preSolution
		Debug|Any CPU = Debug|Any CPU
		Release|Any CPU = Release|Any CPU
	EndGlobalSection
	GlobalSection(ProjectConfigurationPlatforms) = postSolution
		{26FFB12C-3F9C-F231-2F8B-8D046CA560FD}.Debug|Any CPU.ActiveCfg = Debug|Any CPU
		{26FFB12C-3F9C-F231-2F8B-8D046CA560FD}.Debug|Any CPU.Build.0 = Debug|Any CPU
		{26FFB12C-3F9C-F231-2F8B-8D046CA560FD}.Release|Any CPU.ActiveCfg = Release|Any CPU
		{26FFB12C-3F9C-F231-2F8B-8D046CA560FD}.Release|Any CPU.Build.0 = Release|Any CPU
	EndGlobalSection
	GlobalSection(SolutionProperties) = preSolution
		HideSolutionNode = FALSE
	EndGlobalSection
	GlobalSection(ExtensibilityGlobals) = postSolution
		SolutionGuid = {4BBD9544-A73A-4138-A12A-34468DC4DA73}
	EndGlobalSection
EndGlobal
